dependencies:
  espressif/esp_delta_ota:
    component_hash: 147161b602ef51e9f6649eb6d90c4d4ac3c94228cb264fa0e68be7877180462d
    dependencies:
    - name: idf
      require: private
      version: '>=4.3'
    source:
      registry_url: https://components.espressif.com/
      type: service
    version: 1.1.4
  espressif/mdns:
    component_hash: 7c0fa01a1cd0e72a87ec1928c3b661c0a3a9034a6d3a69dcf4850db8c6f272db
    dependencies:
    - name: idf
      require: private
      version: '>=5.0'
    source:
      registry_url: https://components.espressif.com/
      type: service
    version: 1.10.1
  espressif/ssd1306:
    component_hash: 102cfc05b1b304862fa3f494e9dd955844bcc5f6cb16596e4ca5df3e6bf9fd0d
    dependencies:
    - name: idf
      require: private
      version: '>=4.0'
    source:
      registry_url: https://components.espressif.com/
      type: service
    version: 1.0.5~1
  idf:
    source:
      type: idf
    version: 5.5.3
direct_dependencies:
- espressif/esp_delta_ota
- espressif/mdns
- espressif/ssd1306
- idf
manifest_hash: ba1a2cdb105bf2012b6b617055b99f3adca38ec94795b5014fce4976fb6da228
target: esp32s3
version: 2.0.0
